{
  "version": 4,
  "terraform_version": "0.14.4",
  "serial": 15,
  "lineage": "6b307109-f749-5c16-642e-a563b43b0547",
  "outputs": {},
  "resources": [
    {
      "mode": "managed",
      "type": "proxmox_vm_qemu",
      "name": "lb1",
      "provider": "provider[\"registry.terraform.io/telmate/proxmox\"]",
      "instances": [
        {
          "status": "tainted",
          "schema_version": 0,
          "attributes": {
            "agent": 1,
            "balloon": 0,
            "bios": "seabios",
            "boot": "cdn",
            "bootdisk": null,
            "bridge": null,
            "ci_wait": null,
            "cicustom": null,
            "cipassword": null,
            "ciuser": "jon",
            "clone": "9005-ubuntu-20-04-template",
            "clone_wait": 15,
            "cores": 1,
            "cpu": "host",
            "define_connection_info": true,
            "desc": null,
            "disk": [
              {
                "backup": false,
                "cache": "none",
                "discard": "",
                "file": "",
                "format": "",
                "iothread": false,
                "mbps": 0,
                "mbps_rd": 0,
                "mbps_rd_max": 0,
                "mbps_wr": 0,
                "mbps_wr_max": 0,
                "media": "",
                "replicate": true,
                "size": "8G",
                "slot": 0,
                "ssd": false,
                "storage": "zpool1",
                "type": "scsi",
                "volume": ""
              }
            ],
            "disk_gb": null,
            "force_create": false,
            "force_recreate_on_change_of": null,
            "full_clone": true,
            "hastate": null,
            "hotplug": "network,disk,usb",
            "id": "p20/qemu/201",
            "ipconfig0": "ip=10.100.0.253/24,gw=10.100.0.1",
            "ipconfig1": "ip=10.0.0.253/24",
            "ipconfig2": null,
            "iso": null,
            "kvm": true,
            "mac": null,
            "memory": 2048,
            "name": "lb1",
            "nameserver": "9.9.9.9",
            "network": [
              {
                "bridge": "lxdbr0",
                "firewall": false,
                "link_down": false,
                "macaddr": "",
                "model": "virtio",
                "queues": 0,
                "rate": 0,
                "tag": -1
              },
              {
                "bridge": "evpn100",
                "firewall": false,
                "link_down": false,
                "macaddr": "",
                "model": "virtio",
                "queues": 0,
                "rate": 0,
                "tag": -1
              }
            ],
            "nic": null,
            "numa": false,
            "onboot": true,
            "os_network_config": null,
            "os_type": null,
            "pool": null,
            "preprovision": true,
            "qemu_os": null,
            "scsihw": null,
            "searchdomain": null,
            "serial": [],
            "sockets": 1,
            "ssh_forward_ip": null,
            "ssh_host": null,
            "ssh_port": null,
            "ssh_private_key": null,
            "ssh_user": null,
            "sshkeys": "  ssh-ed25519 AAAAC3NzaC1lZDI1NTE5AAAAIJjM78UyIQWNbMsca2qafeshPflijH8HbbsKuTTZqB1F jon@DESKTOP-SNM4E2E\n  ssh-ed25519 AAAAC3NzaC1lZDI1NTE5AAAAIGlAs2ApLH1sTfDTfYvFDcDS5cyAdkCqcJ28D+4Lpuyo jon@troon\n  ssh-ed25519 AAAAC3NzaC1lZDI1NTE5AAAAIJpASWQUj+UkSv2M4kgxMEeM3oUYtKI54N1CVnwKrk9A root@salt\n",
            "storage": null,
            "storage_type": null,
            "target_node": "p20",
            "vcpus": 0,
            "vga": [],
            "vlan": -1,
            "vmid": 201
          },
          "sensitive_attributes": []
        }
      ]
    }
  ]
}
